// !$*UTF8*$!
{
	archiveVersion = 1;
	classes = {
	};
	objectVersion = 56;
	objects = {

/* Begin PBXBuildFile section */
		D2E6CFB228B004CE00846F92 /* AppDelegate.swift in Sources */ = {isa = PBXBuildFile; fileRef = D2E6CFB128B004CE00846F92 /* AppDelegate.swift */; };
		D2E6CFB428B004CE00846F92 /* SceneDelegate.swift in Sources */ = {isa = PBXBuildFile; fileRef = D2E6CFB328B004CE00846F92 /* SceneDelegate.swift */; };
		D2E6CFB628B004CE00846F92 /* ViewController.swift in Sources */ = {isa = PBXBuildFile; fileRef = D2E6CFB528B004CE00846F92 /* ViewController.swift */; };
		D2E6CFBB28B004CF00846F92 /* Assets.xcassets in Resources */ = {isa = PBXBuildFile; fileRef = D2E6CFBA28B004CF00846F92 /* Assets.xcassets */; };
		D2E6CFBE28B004CF00846F92 /* LaunchScreen.storyboard in Resources */ = {isa = PBXBuildFile; fileRef = D2E6CFBC28B004CF00846F92 /* LaunchScreen.storyboard */; };
		D2E6CFC928B004CF00846F92 /* templateTests.swift in Sources */ = {isa = PBXBuildFile; fileRef = D2E6CFC828B004CF00846F92 /* templateTests.swift */; };
		D2E6CFD328B004CF00846F92 /* templateUITests.swift in Sources */ = {isa = PBXBuildFile; fileRef = D2E6CFD228B004CF00846F92 /* templateUITests.swift */; };
		D2E6CFD528B004CF00846F92 /* templateUITestsLaunchTests.swift in Sources */ = {isa = PBXBuildFile; fileRef = D2E6CFD428B004CF00846F92 /* templateUITestsLaunchTests.swift */; };
/* End PBXBuildFile section */

/* Begin PBXContainerItemProxy section */
		D2E6CFC528B004CF00846F92 /* PBXContainerItemProxy */ = {
			isa = PBXContainerItemProxy;
			containerPortal = D2E6CFA628B004CE00846F92 /* Project object */;
			proxyType = 1;
			remoteGlobalIDString = D2E6CFAD28B004CE00846F92;
			remoteInfo = template;
		};
		D2E6CFCF28B004CF00846F92 /* PBXContainerItemProxy */ = {
			isa = PBXContainerItemProxy;
			containerPortal = D2E6CFA628B004CE00846F92 /* Project object */;
			proxyType = 1;
			remoteGlobalIDString = D2E6CFAD28B004CE00846F92;
			remoteInfo = template;
		};
/* End PBXContainerItemProxy section */

/* Begin PBXFileReference section */
		D2E6CFAE28B004CE00846F92 /* template.app */ = {isa = PBXFileReference; explicitFileType = wrapper.application; includeInIndex = 0; path = template.app; sourceTree = BUILT_PRODUCTS_DIR; };
		D2E6CFB128B004CE00846F92 /* AppDelegate.swift */ = {isa = PBXFileReference; lastKnownFileType = sourcecode.swift; path = AppDelegate.swift; sourceTree = "<group>"; };
		D2E6CFB328B004CE00846F92 /* SceneDelegate.swift */ = {isa = PBXFileReference; lastKnownFileType = sourcecode.swift; path = SceneDelegate.swift; sourceTree = "<group>"; };
		D2E6CFB528B004CE00846F92 /* ViewController.swift */ = {isa = PBXFileReference; lastKnownFileType = sourcecode.swift; path = ViewController.swift; sourceTree = "<group>"; };
		D2E6CFBA28B004CF00846F92 /* Assets.xcassets */ = {isa = PBXFileReference; lastKnownFileType = folder.assetcatalog; path = Assets.xcassets; sourceTree = "<group>"; };
		D2E6CFBD28B004CF00846F92 /* Base */ = {isa = PBXFileReference; lastKnownFileType = file.storyboard; name = Base; path = Base.lproj/LaunchScreen.storyboard; sourceTree = "<group>"; };
		D2E6CFBF28B004CF00846F92 /* Info.plist */ = {isa = PBXFileReference; lastKnownFileType = text.plist.xml; path = Info.plist; sourceTree = "<group>"; };
		D2E6CFC428B004CF00846F92 /* templateTests.xctest */ = {isa = PBXFileReference; explicitFileType = wrapper.cfbundle; includeInIndex = 0; path = templateTests.xctest; sourceTree = BUILT_PRODUCTS_DIR; };
		D2E6CFC828B004CF00846F92 /* templateTests.swift */ = {isa = PBXFileReference; lastKnownFileType = sourcecode.swift; path = templateTests.swift; sourceTree = "<group>"; };
		D2E6CFCE28B004CF00846F92 /* templateUITests.xctest */ = {isa = PBXFileReference; explicitFileType = wrapper.cfbundle; includeInIndex = 0; path = templateUITests.xctest; sourceTree = BUILT_PRODUCTS_DIR; };
		D2E6CFD228B004CF00846F92 /* templateUITests.swift */ = {isa = PBXFileReference; lastKnownFileType = sourcecode.swift; path = templateUITests.swift; sourceTree = "<group>"; };
		D2E6CFD428B004CF00846F92 /* templateUITestsLaunchTests.swift */ = {isa = PBXFileReference; lastKnownFileType = sourcecode.swift; path = templateUITestsLaunchTests.swift; sourceTree = "<group>"; };
/* End PBXFileReference section */

/* Begin PBXFrameworksBuildPhase section */
		D2E6CFAB28B004CE00846F92 /* Frameworks */ = {
			isa = PBXFrameworksBuildPhase;
			buildActionMask = 2147483647;
			files = (
			);
			runOnlyForDeploymentPostprocessing = 0;
		};
		D2E6CFC128B004CF00846F92 /* Frameworks */ = {
			isa = PBXFrameworksBuildPhase;
			buildActionMask = 2147483647;
			files = (
			);
			runOnlyForDeploymentPostprocessing = 0;
		};
		D2E6CFCB28B004CF00846F92 /* Frameworks */ = {
			isa = PBXFrameworksBuildPhase;
			buildActionMask = 2147483647;
			files = (
			);
			runOnlyForDeploymentPostprocessing = 0;
		};
/* End PBXFrameworksBuildPhase section */

/* Begin PBXGroup section */
		D2E6CFA528B004CE00846F92 = {
			isa = PBXGroup;
			children = (
				D2E6CFB028B004CE00846F92 /* template */,
				D2E6CFC728B004CF00846F92 /* templateTests */,
				D2E6CFD128B004CF00846F92 /* templateUITests */,
				D2E6CFAF28B004CE00846F92 /* Products */,
			);
			sourceTree = "<group>";
		};
		D2E6CFAF28B004CE00846F92 /* Products */ = {
			isa = PBXGroup;
			children = (
				D2E6CFAE28B004CE00846F92 /* template.app */,
				D2E6CFC428B004CF00846F92 /* templateTests.xctest */,
				D2E6CFCE28B004CF00846F92 /* templateUITests.xctest */,
			);
			name = Products;
			sourceTree = "<group>";
		};
		D2E6CFB028B004CE00846F92 /* template */ = {
			isa = PBXGroup;
			children = (
				D2E6CFB128B004CE00846F92 /* AppDelegate.swift */,
				D2E6CFB328B004CE00846F92 /* SceneDelegate.swift */,
				D2E6CFB528B004CE00846F92 /* ViewController.swift */,
				D2E6CFBA28B004CF00846F92 /* Assets.xcassets */,
				D2E6CFBC28B004CF00846F92 /* LaunchScreen.storyboard */,
				D2E6CFBF28B004CF00846F92 /* Info.plist */,
			);
			path = template;
			sourceTree = "<group>";
		};
		D2E6CFC728B004CF00846F92 /* templateTests */ = {
			isa = PBXGroup;
			children = (
				D2E6CFC828B004CF00846F92 /* templateTests.swift */,
			);
			path = templateTests;
			sourceTree = "<group>";
		};
		D2E6CFD128B004CF00846F92 /* templateUITests */ = {
			isa = PBXGroup;
			children = (
				D2E6CFD228B004CF00846F92 /* templateUITests.swift */,
				D2E6CFD428B004CF00846F92 /* templateUITestsLaunchTests.swift */,
			);
			path = templateUITests;
			sourceTree = "<group>";
		};
/* End PBXGroup section */

/* Begin PBXNativeTarget section */
		D2E6CFAD28B004CE00846F92 /* template */ = {
			isa = PBXNativeTarget;
			buildConfigurationList = D2E6CFD828B004CF00846F92 /* Build configuration list for PBXNativeTarget "template" */;
			buildPhases = (
				D2E6CFAA28B004CE00846F92 /* Sources */,
				D2E6CFAB28B004CE00846F92 /* Frameworks */,
				D2E6CFAC28B004CE00846F92 /* Resources */,
			);
			buildRules = (
			);
			dependencies = (
			);
			name = template;
			productName = template;
			productReference = D2E6CFAE28B004CE00846F92 /* template.app */;
			productType = "com.apple.product-type.application";
		};
		D2E6CFC328B004CF00846F92 /* templateTests */ = {
			isa = PBXNativeTarget;
			buildConfigurationList = D2E6CFDB28B004CF00846F92 /* Build configuration list for PBXNativeTarget "templateTests" */;
			buildPhases = (
				D2E6CFC028B004CF00846F92 /* Sources */,
				D2E6CFC128B004CF00846F92 /* Frameworks */,
				D2E6CFC228B004CF00846F92 /* Resources */,
			);
			buildRules = (
			);
			dependencies = (
				D2E6CFC628B004CF00846F92 /* PBXTargetDependency */,
			);
			name = templateTests;
			productName = templateTests;
			productReference = D2E6CFC428B004CF00846F92 /* templateTests.xctest */;
			productType = "com.apple.product-type.bundle.unit-test";
		};
		D2E6CFCD28B004CF00846F92 /* templateUITests */ = {
			isa = PBXNativeTarget;
			buildConfigurationList = D2E6CFDE28B004CF00846F92 /* Build configuration list for PBXNativeTarget "templateUITests" */;
			buildPhases = (
				D2E6CFCA28B004CF00846F92 /* Sources */,
				D2E6CFCB28B004CF00846F92 /* Frameworks */,
				D2E6CFCC28B004CF00846F92 /* Resources */,
			);
			buildRules = (
			);
			dependencies = (
				D2E6CFD028B004CF00846F92 /* PBXTargetDependency */,
			);
			name = templateUITests;
			productName = templateUITests;
			productReference = D2E6CFCE28B004CF00846F92 /* templateUITests.xctest */;
			productType = "com.apple.product-type.bundle.ui-testing";
		};
/* End PBXNativeTarget section */

/* Begin PBXProject section */
		D2E6CFA628B004CE00846F92 /* Project object */ = {
			isa = PBXProject;
			attributes = {
				BuildIndependentTargetsInParallel = 1;
				LastSwiftUpdateCheck = 1400;
				LastUpgradeCheck = 1400;
				TargetAttributes = {
					D2E6CFAD28B004CE00846F92 = {
						CreatedOnToolsVersion = 14.0;
					};
					D2E6CFC328B004CF00846F92 = {
						CreatedOnToolsVersion = 14.0;
						TestTargetID = D2E6CFAD28B004CE00846F92;
					};
					D2E6CFCD28B004CF00846F92 = {
						CreatedOnToolsVersion = 14.0;
						TestTargetID = D2E6CFAD28B004CE00846F92;
					};
				};
			};
			buildConfigurationList = D2E6CFA928B004CE00846F92 /* Build configuration list for PBXProject "template" */;
			compatibilityVersion = "Xcode 14.0";
			developmentRegion = en;
			hasScannedForEncodings = 0;
			knownRegions = (
				en,
				Base,
			);
			mainGroup = D2E6CFA528B004CE00846F92;
			productRefGroup = D2E6CFAF28B004CE00846F92 /* Products */;
			projectDirPath = "";
			projectRoot = "";
			targets = (
				D2E6CFAD28B004CE00846F92 /* template */,
				D2E6CFC328B004CF00846F92 /* templateTests */,
				D2E6CFCD28B004CF00846F92 /* templateUITests */,
			);
		};
/* End PBXProject section */

/* Begin PBXResourcesBuildPhase section */
		D2E6CFAC28B004CE00846F92 /* Resources */ = {
			isa = PBXResourcesBuildPhase;
			buildActionMask = 2147483647;
			files = (
				D2E6CFBE28B004CF00846F92 /* LaunchScreen.storyboard in Resources */,
				D2E6CFBB28B004CF00846F92 /* Assets.xcassets in Resources */,
			);
			runOnlyForDeploymentPostprocessing = 0;
		};
		D2E6CFC228B004CF00846F92 /* Resources */ = {
			isa = PBXResourcesBuildPhase;
			buildActionMask = 2147483647;
			files = (
			);
			runOnlyForDeploymentPostprocessing = 0;
		};
		D2E6CFCC28B004CF00846F92 /* Resources */ = {
			isa = PBXResourcesBuildPhase;
			buildActionMask = 2147483647;
			files = (
			);
			runOnlyForDeploymentPostprocessing = 0;
		};
/* End PBXResourcesBuildPhase section */

/* Begin PBXSourcesBuildPhase section */
		D2E6CFAA28B004CE00846F92 /* Sources */ = {
			isa = PBXSourcesBuildPhase;
			buildActionMask = 2147483647;
			files = (
				D2E6CFB628B004CE00846F92 /* ViewController.swift in Sources */,
				D2E6CFB228B004CE00846F92 /* AppDelegate.swift in Sources */,
				D2E6CFB428B004CE00846F92 /* SceneDelegate.swift in Sources */,
			);
			runOnlyForDeploymentPostprocessing = 0;
		};
		D2E6CFC028B004CF00846F92 /* Sources */ = {
			isa = PBXSourcesBuildPhase;
			buildActionMask = 2147483647;
			files = (
				D2E6CFC928B004CF00846F92 /* templateTests.swift in Sources */,
			);
			runOnlyForDeploymentPostprocessing = 0;
		};
		D2E6CFCA28B004CF00846F92 /* Sources */ = {
			isa = PBXSourcesBuildPhase;
			buildActionMask = 2147483647;
			files = (
				D2E6CFD528B004CF00846F92 /* templateUITestsLaunchTests.swift in Sources */,
				D2E6CFD328B004CF00846F92 /* templateUITests.swift in Sources */,
			);
			runOnlyForDeploymentPostprocessing = 0;
		};
/* End PBXSourcesBuildPhase section */

/* Begin PBXTargetDependency section */
		D2E6CFC628B004CF00846F92 /* PBXTargetDependency */ = {
			isa = PBXTargetDependency;
			target = D2E6CFAD28B004CE00846F92 /* template */;
			targetProxy = D2E6CFC528B004CF00846F92 /* PBXContainerItemProxy */;
		};
		D2E6CFD028B004CF00846F92 /* PBXTargetDependency */ = {
			isa = PBXTargetDependency;
			target = D2E6CFAD28B004CE00846F92 /* template */;
			targetProxy = D2E6CFCF28B004CF00846F92 /* PBXContainerItemProxy */;
		};
/* End PBXTargetDependency section */

/* Begin PBXVariantGroup section */
		D2E6CFBC28B004CF00846F92 /* LaunchScreen.storyboard */ = {
			isa = PBXVariantGroup;
			children = (
				D2E6CFBD28B004CF00846F92 /* Base */,
			);
			name = LaunchScreen.storyboard;
			sourceTree = "<group>";
		};
/* End PBXVariantGroup section */

/* Begin XCBuildConfiguration section */
		D2E6CFD628B004CF00846F92 /* Debug */ = {
			isa = XCBuildConfiguration;
			buildSettings = {
				ALWAYS_SEARCH_USER_PATHS = NO;
				CLANG_ANALYZER_NONNULL = YES;
				CLANG_ANALYZER_NUMBER_OBJECT_CONVERSION = YES_AGGRESSIVE;
				CLANG_CXX_LANGUAGE_STANDARD = "gnu++20";
				CLANG_ENABLE_MODULES = YES;
				CLANG_ENABLE_OBJC_ARC = YES;
				CLANG_ENABLE_OBJC_WEAK = YES;
				CLANG_WARN_BLOCK_CAPTURE_AUTORELEASING = YES;
				CLANG_WARN_BOOL_CONVERSION = YES;
				CLANG_WARN_COMMA = YES;
				CLANG_WARN_CONSTANT_CONVERSION = YES;
				CLANG_WARN_DEPRECATED_OBJC_IMPLEMENTATIONS = YES;
				CLANG_WARN_DIRECT_OBJC_ISA_USAGE = YES_ERROR;
				CLANG_WARN_DOCUMENTATION_COMMENTS = YES;
				CLANG_WARN_EMPTY_BODY = YES;
				CLANG_WARN_ENUM_CONVERSION = YES;
				CLANG_WARN_INFINITE_RECURSION = YES;
				CLANG_WARN_INT_CONVERSION = YES;
				CLANG_WARN_NON_LITERAL_NULL_CONVERSION = YES;
				CLANG_WARN_OBJC_IMPLICIT_RETAIN_SELF = YES;
				CLANG_WARN_OBJC_LITERAL_CONVERSION = YES;
				CLANG_WARN_OBJC_ROOT_CLASS = YES_ERROR;
				CLANG_WARN_QUOTED_INCLUDE_IN_FRAMEWORK_HEADER = YES;
				CLANG_WARN_RANGE_LOOP_ANALYSIS = YES;
				CLANG_WARN_STRICT_PROTOTYPES = YES;
				CLANG_WARN_SUSPICIOUS_MOVE = YES;
				CLANG_WARN_UNGUARDED_AVAILABILITY = YES_AGGRESSIVE;
				CLANG_WARN_UNREACHABLE_CODE = YES;
				CLANG_WARN__DUPLICATE_METHOD_MATCH = YES;
				COPY_PHASE_STRIP = NO;
				DEBUG_INFORMATION_FORMAT = dwarf;
				ENABLE_STRICT_OBJC_MSGSEND = YES;
				ENABLE_TESTABILITY = YES;
				GCC_C_LANGUAGE_STANDARD = gnu11;
				GCC_DYNAMIC_NO_PIC = NO;
				GCC_NO_COMMON_BLOCKS = YES;
				GCC_OPTIMIZATION_LEVEL = 0;
				GCC_PREPROCESSOR_DEFINITIONS = (
					"DEBUG=1",
					"$(inherited)",
				);
				GCC_WARN_64_TO_32_BIT_CONVERSION = YES;
				GCC_WARN_ABOUT_RETURN_TYPE = YES_ERROR;
				GCC_WARN_UNDECLARED_SELECTOR = YES;
				GCC_WARN_UNINITIALIZED_AUTOS = YES_AGGRESSIVE;
				GCC_WARN_UNUSED_FUNCTION = YES;
				GCC_WARN_UNUSED_VARIABLE = YES;
				IPHONEOS_DEPLOYMENT_TARGET = 16.0;
				MTL_ENABLE_DEBUG_INFO = INCLUDE_SOURCE;
				MTL_FAST_MATH = YES;
				ONLY_ACTIVE_ARCH = YES;
				SDKROOT = iphoneos;
				SWIFT_ACTIVE_COMPILATION_CONDITIONS = DEBUG;
				SWIFT_OPTIMIZATION_LEVEL = "-Onone";
			};
			name = Debug;
		};
		D2E6CFD728B004CF00846F92 /* Release */ = {
			isa = XCBuildConfiguration;
			buildSettings = {
				ALWAYS_SEARCH_USER_PATHS = NO;
				CLANG_ANALYZER_NONNULL = YES;
				CLANG_ANALYZER_NUMBER_OBJECT_CONVERSION = YES_AGGRESSIVE;
				CLANG_CXX_LANGUAGE_STANDARD = "gnu++20";
				CLANG_ENABLE_MODULES = YES;
				CLANG_ENABLE_OBJC_ARC = YES;
				CLANG_ENABLE_OBJC_WEAK = YES;
				CLANG_WARN_BLOCK_CAPTURE_AUTORELEASING = YES;
				CLANG_WARN_BOOL_CONVERSION = YES;
				CLANG_WARN_COMMA = YES;
				CLANG_WARN_CONSTANT_CONVERSION = YES;
				CLANG_WARN_DEPRECATED_OBJC_IMPLEMENTATIONS = YES;
				CLANG_WARN_DIRECT_OBJC_ISA_USAGE = YES_ERROR;
				CLANG_WARN_DOCUMENTATION_COMMENTS = YES;
				CLANG_WARN_EMPTY_BODY = YES;
				CLANG_WARN_ENUM_CONVERSION = YES;
				CLANG_WARN_INFINITE_RECURSION = YES;
				CLANG_WARN_INT_CONVERSION = YES;
				CLANG_WARN_NON_LITERAL_NULL_CONVERSION = YES;
				CLANG_WARN_OBJC_IMPLICIT_RETAIN_SELF = YES;
				CLANG_WARN_OBJC_LITERAL_CONVERSION = YES;
				CLANG_WARN_OBJC_ROOT_CLASS = YES_ERROR;
				CLANG_WARN_QUOTED_INCLUDE_IN_FRAMEWORK_HEADER = YES;
				CLANG_WARN_RANGE_LOOP_ANALYSIS = YES;
				CLANG_WARN_STRICT_PROTOTYPES = YES;
				CLANG_WARN_SUSPICIOUS_MOVE = YES;
				CLANG_WARN_UNGUARDED_AVAILABILITY = YES_AGGRESSIVE;
				CLANG_WARN_UNREACHABLE_CODE = YES;
				CLANG_WARN__DUPLICATE_METHOD_MATCH = YES;
				COPY_PHASE_STRIP = NO;
				DEBUG_INFORMATION_FORMAT = "dwarf-with-dsym";
				ENABLE_NS_ASSERTIONS = NO;
				ENABLE_STRICT_OBJC_MSGSEND = YES;
				GCC_C_LANGUAGE_STANDARD = gnu11;
				GCC_NO_COMMON_BLOCKS = YES;
				GCC_WARN_64_TO_32_BIT_CONVERSION = YES;
				GCC_WARN_ABOUT_RETURN_TYPE = YES_ERROR;
				GCC_WARN_UNDECLARED_SELECTOR = YES;
				GCC_WARN_UNINITIALIZED_AUTOS = YES_AGGRESSIVE;
				GCC_WARN_UNUSED_FUNCTION = YES;
				GCC_WARN_UNUSED_VARIABLE = YES;
				IPHONEOS_DEPLOYMENT_TARGET = 16.0;
				MTL_ENABLE_DEBUG_INFO = NO;
				MTL_FAST_MATH = YES;
				SDKROOT = iphoneos;
				SWIFT_COMPILATION_MODE = wholemodule;
				SWIFT_OPTIMIZATION_LEVEL = "-O";
				VALIDATE_PRODUCT = YES;
			};
			name = Release;
		};
		D2E6CFD928B004CF00846F92 /* Debug */ = {
			isa = XCBuildConfiguration;
			buildSettings = {
				ASSETCATALOG_COMPILER_APPICON_NAME = AppIcon;
				ASSETCATALOG_COMPILER_GLOBAL_ACCENT_COLOR_NAME = AccentColor;
				CODE_SIGN_STYLE = Automatic;
				CURRENT_PROJECT_VERSION = 1;
				GENERATE_INFOPLIST_FILE = YES;
				INFOPLIST_FILE = template/Info.plist;
				INFOPLIST_KEY_UIApplicationSupportsIndirectInputEvents = YES;
				INFOPLIST_KEY_UILaunchStoryboardName = LaunchScreen;
				INFOPLIST_KEY_UISupportedInterfaceOrientations_iPad = "UIInterfaceOrientationPortrait UIInterfaceOrientationPortraitUpsideDown UIInterfaceOrientationLandscapeLeft UIInterfaceOrientationLandscapeRight";
				INFOPLIST_KEY_UISupportedInterfaceOrientations_iPhone = "UIInterfaceOrientationPortrait UIInterfaceOrientationLandscapeLeft UIInterfaceOrientationLandscapeRight";
				LD_RUNPATH_SEARCH_PATHS = (
					"$(inherited)",
					"@executable_path/Frameworks",
				);
				MARKETING_VERSION = 1.0;
				PRODUCT_BUNDLE_IDENTIFIER = com.ios.template;
				PRODUCT_NAME = "$(TARGET_NAME)";
				SWIFT_EMIT_LOC_STRINGS = YES;
				SWIFT_VERSION = 5.0;
				TARGETED_DEVICE_FAMILY = "1,2";
			};
			name = Debug;
		};
		D2E6CFDA28B004CF00846F92 /* Release */ = {
			isa = XCBuildConfiguration;
			buildSettings = {
				ASSETCATALOG_COMPILER_APPICON_NAME = AppIcon;
				ASSETCATALOG_COMPILER_GLOBAL_ACCENT_COLOR_NAME = AccentColor;
				CODE_SIGN_STYLE = Automatic;
				CURRENT_PROJECT_VERSION = 1;
				GENERATE_INFOPLIST_FILE = YES;
				INFOPLIST_FILE = template/Info.plist;
				INFOPLIST_KEY_UIApplicationSupportsIndirectInputEvents = YES;
				INFOPLIST_KEY_UILaunchStoryboardName = LaunchScreen;
				INFOPLIST_KEY_UISupportedInterfaceOrientations_iPad = "UIInterfaceOrientationPortrait UIInterfaceOrientationPortraitUpsideDown UIInterfaceOrientationLandscapeLeft UIInterfaceOrientationLandscapeRight";
				INFOPLIST_KEY_UISupportedInterfaceOrientations_iPhone = "UIInterfaceOrientationPortrait UIInterfaceOrientationLandscapeLeft UIInterfaceOrientationLandscapeRight";
				LD_RUNPATH_SEARCH_PATHS = (
					"$(inherited)",
					"@executable_path/Frameworks",
				);
				MARKETING_VERSION = 1.0;
				PRODUCT_BUNDLE_IDENTIFIER = com.ios.template;
				PRODUCT_NAME = "$(TARGET_NAME)";
				SWIFT_EMIT_LOC_STRINGS = YES;
				SWIFT_VERSION = 5.0;
				TARGETED_DEVICE_FAMILY = "1,2";
			};
			name = Release;
		};
		D2E6CFDC28B004CF00846F92 /* Debug */ = {
			isa = XCBuildConfiguration;
			buildSettings = {
				ALWAYS_EMBED_SWIFT_STANDARD_LIBRARIES = YES;
				BUNDLE_LOADER = "$(TEST_HOST)";
				CODE_SIGN_STYLE = Automatic;
				CURRENT_PROJECT_VERSION = 1;
				GENERATE_INFOPLIST_FILE = YES;
				IPHONEOS_DEPLOYMENT_TARGET = 16.0;
				MARKETING_VERSION = 1.0;
				PRODUCT_BUNDLE_IDENTIFIER = com.ios.templateTests;
				PRODUCT_NAME = "$(TARGET_NAME)";
				SWIFT_EMIT_LOC_STRINGS = NO;
				SWIFT_VERSION = 5.0;
				TARGETED_DEVICE_FAMILY = "1,2";
				TEST_HOST = "$(BUILT_PRODUCTS_DIR)/template.app/$(BUNDLE_EXECUTABLE_FOLDER_PATH)/template";
			};
			name = Debug;
		};
		D2E6CFDD28B004CF00846F92 /* Release */ = {
			isa = XCBuildConfiguration;
			buildSettings = {
				ALWAYS_EMBED_SWIFT_STANDARD_LIBRARIES = YES;
				BUNDLE_LOADER = "$(TEST_HOST)";
				CODE_SIGN_STYLE = Automatic;
				CURRENT_PROJECT_VERSION = 1;
				GENERATE_INFOPLIST_FILE = YES;
				IPHONEOS_DEPLOYMENT_TARGET = 16.0;
				MARKETING_VERSION = 1.0;
				PRODUCT_BUNDLE_IDENTIFIER = com.ios.templateTests;
				PRODUCT_NAME = "$(TARGET_NAME)";
				SWIFT_EMIT_LOC_STRINGS = NO;
				SWIFT_VERSION = 5.0;
				TARGETED_DEVICE_FAMILY = "1,2";
				TEST_HOST = "$(BUILT_PRODUCTS_DIR)/template.app/$(BUNDLE_EXECUTABLE_FOLDER_PATH)/template";
			};
			name = Release;
		};
		D2E6CFDF28B004CF00846F92 /* Debug */ = {
			isa = XCBuildConfiguration;
			buildSettings = {
				ALWAYS_EMBED_SWIFT_STANDARD_LIBRARIES = YES;
				CODE_SIGN_STYLE = Automatic;
				CURRENT_PROJECT_VERSION = 1;
				GENERATE_INFOPLIST_FILE = YES;
				MARKETING_VERSION = 1.0;
				PRODUCT_BUNDLE_IDENTIFIER = com.ios.templateUITests;
				PRODUCT_NAME = "$(TARGET_NAME)";
				SWIFT_EMIT_LOC_STRINGS = NO;
				SWIFT_VERSION = 5.0;
				TARGETED_DEVICE_FAMILY = "1,2";
				TEST_TARGET_NAME = template;
			};
			name = Debug;
		};
		D2E6CFE028B004CF00846F92 /* Release */ = {
			isa = XCBuildConfiguration;
			buildSettings = {
				ALWAYS_EMBED_SWIFT_STANDARD_LIBRARIES = YES;
				CODE_SIGN_STYLE = Automatic;
				CURRENT_PROJECT_VERSION = 1;
				GENERATE_INFOPLIST_FILE = YES;
				MARKETING_VERSION = 1.0;
				PRODUCT_BUNDLE_IDENTIFIER = com.ios.templateUITests;
				PRODUCT_NAME = "$(TARGET_NAME)";
				SWIFT_EMIT_LOC_STRINGS = NO;
				SWIFT_VERSION = 5.0;
				TARGETED_DEVICE_FAMILY = "1,2";
				TEST_TARGET_NAME = template;
			};
			name = Release;
		};
/* End XCBuildConfiguration section */

/* Begin XCConfigurationList section */
		D2E6CFA928B004CE00846F92 /* Build configuration list for PBXProject "template" */ = {
			isa = XCConfigurationList;
			buildConfigurations = (
				D2E6CFD628B004CF00846F92 /* Debug */,
				D2E6CFD728B004CF00846F92 /* Release */,
			);
			defaultConfigurationIsVisible = 0;
			defaultConfigurationName = Release;
		};
		D2E6CFD828B004CF00846F92 /* Build configuration list for PBXNativeTarget "template" */ = {
			isa = XCConfigurationList;
			buildConfigurations = (
				D2E6CFD928B004CF00846F92 /* Debug */,
				D2E6CFDA28B004CF00846F92 /* Release */,
			);
			defaultConfigurationIsVisible = 0;
			defaultConfigurationName = Release;
		};
		D2E6CFDB28B004CF00846F92 /* Build configuration list for PBXNativeTarget "templateTests" */ = {
			isa = XCConfigurationList;
			buildConfigurations = (
				D2E6CFDC28B004CF00846F92 /* Debug */,
				D2E6CFDD28B004CF00846F92 /* Release */,
			);
			defaultConfigurationIsVisible = 0;
			defaultConfigurationName = Release;
		};
		D2E6CFDE28B004CF00846F92 /* Build configuration list for PBXNativeTarget "templateUITests" */ = {
			isa = XCConfigurationList;
			buildConfigurations = (
				D2E6CFDF28B004CF00846F92 /* Debug */,
				D2E6CFE028B004CF00846F92 /* Release */,
			);
			defaultConfigurationIsVisible = 0;
			defaultConfigurationName = Release;
		};
/* End XCConfigurationList section */
	};
	rootObject = D2E6CFA628B004CE00846F92 /* Project object */;
}
